<?xml version="1.0" encoding="utf-8"?>
<Project ToolsVersion="4.0" xmlns="http://schemas.microsoft.com/developer/msbuild/2003">
  <ItemGroup>
    <Filter Include="Source Files">
      <UniqueIdentifier>{4FC737F1-C7A5-4376-A066-2A32D752A2FF}</UniqueIdentifier>
      <Extensions>cpp;c;cc;cxx;def;odl;idl;hpj;bat;asm;asmx</Extensions>
    </Filter>
    <Filter Include="Header Files">
      <UniqueIdentifier>{93995380-89BD-4b04-88EB-625FBE52EBFB}</UniqueIdentifier>
      <Extensions>h;hpp;hxx;hm;inl;inc;xsd</Extensions>
    </Filter>
    <Filter Include="Resource Files">
      <UniqueIdentifier>{67DA6AB6-F800-4c08-8B7A-83BB121AAD01}</UniqueIdentifier>
      <Extensions>rc;ico;cur;bmp;dlg;rc2;rct;bin;rgs;gif;jpg;jpeg;jpe;resx;tiff;tif;png;wav;mfcribbon-ms</Extensions>
    </Filter>
    <Filter Include="imGui">
      <UniqueIdentifier>{1c5eb856-b96f-428c-b27c-cbea28a8a9ec}</UniqueIdentifier>
    </Filter>
    <Filter Include="Arkanoid">
      <UniqueIdentifier>{a6f68267-eee2-4576-9aaa-e1288098907e}</UniqueIdentifier>
    </Filter>
  </ItemGroup>
  <ItemGroup>
    <None Include="small.ico">
      <Filter>Resource Files</Filter>
    </None>
    <None Include="Win.ico">
      <Filter>Resource Files</Filter>
    </None>
    <None Include="moe1.fx" />
    <None Include="shadowmap.fx" />
    <None Include="packages.config" />
    <None Include="binary_to_header.py" />
  </ItemGroup>
  <ItemGroup>
    <ClInclude Include="stdafx.h">
      <Filter>Header Files</Filter>
    </ClInclude>
    <ClInclude Include="targetver.h">
      <Filter>Header Files</Filter>
    </ClInclude>
    <ClInclude Include="Resource.h">
      <Filter>Header Files</Filter>
    </ClInclude>
    <ClInclude Include="main.h">
      <Filter>Header Files</Filter>
    </ClInclude>
    <ClInclude Include="D3DRender.h">
      <Filter>Header Files</Filter>
    </ClInclude>
    <ClInclude Include="D3DCamera.h">
      <Filter>Header Files</Filter>
    </ClInclude>
    <ClInclude Include="XMesh.h">
      <Filter>Header Files</Filter>
    </ClInclude>
    <ClInclude Include="Logger.h">
      <Filter>Header Files</Filter>
    </ClInclude>
    <ClInclude Include="CQuatCamera.h">
      <Filter>Header Files</Filter>
    </ClInclude>
    <ClInclude Include="CParticleSystem.h">
      <Filter>Header Files</Filter>
    </ClInclude>
    <ClInclude Include="CRigidBody.h">
      <Filter>Header Files</Filter>
    </ClInclude>
    <ClInclude Include="CBulletDebugDrawer.h">
      <Filter>Header Files</Filter>
    </ClInclude>
    <ClInclude Include="СRibbonRenderer.h">
      <Filter>Header Files</Filter>
    </ClInclude>
    <ClInclude Include="CSkybox.h">
      <Filter>Header Files</Filter>
    </ClInclude>
    <ClInclude Include="CArkiBall.h">
      <Filter>Header Files</Filter>
    </ClInclude>
    <ClInclude Include="ArkiGame.h">
      <Filter>Header Files</Filter>
    </ClInclude>
    <ClInclude Include="CArkiBlock.h">
      <Filter>Header Files</Filter>
    </ClInclude>
    <ClInclude Include="CArkiPlayer.h">
      <Filter>Header Files</Filter>
    </ClInclude>
    <ClInclude Include="CArkiLevel.h">
      <Filter>Header Files</Filter>
    </ClInclude>
    <ClInclude Include="TextureTools.h">
      <Filter>Header Files</Filter>
    </ClInclude>
    <ClInclude Include="CSpriteFont.h">
      <Filter>Header Files</Filter>
    </ClInclude>
    <ClInclude Include="CArkiBullet.h">
      <Filter>Header Files</Filter>
    </ClInclude>
    <ClInclude Include="CMainMenu.h">
      <Filter>Header Files</Filter>
    </ClInclude>
    <ClInclude Include="CArkiPowerup.h">
      <Filter>Header Files</Filter>
    </ClInclude>
    <ClInclude Include="COrbitCamera.h">
      <Filter>Header Files</Filter>
    </ClInclude>
    <ClInclude Include="CGrid.h">
      <Filter>Header Files</Filter>
    </ClInclude>
    <ClInclude Include="CSpriteBatch.h">
      <Filter>Header Files</Filter>
    </ClInclude>
    <ClInclude Include="EmbeddedAssets.h" />
    <ClInclude Include="CGizmo.h">
      <Filter>Header Files</Filter>
    </ClInclude>
    <ClInclude Include="CArkiCliff.h">
      <Filter>Header Files</Filter>
    </ClInclude>
    <ClInclude Include="Sounds.h">
      <Filter>Header Files</Filter>
    </ClInclude>
    <ClInclude Include="midi.h">
      <Filter>Header Files</Filter>
    </ClInclude>
    <ClInclude Include="CXAudio.h">
      <Filter>Header Files</Filter>
    </ClInclude>
    <ClInclude Include="CArkiBomb.h">
      <Filter>Header Files</Filter>
    </ClInclude>
    <ClInclude Include="CHUD.h">
      <Filter>Header Files</Filter>
    </ClInclude>
    <ClInclude Include="MovementStrategy.h">
      <Filter>Header Files</Filter>
    </ClInclude>
    <ClInclude Include="CFlyingEnemy.h">
      <Filter>Header Files</Filter>
    </ClInclude>
    <ClInclude Include="EnemySpawner.h">
      <Filter>Header Files</Filter>
    </ClInclude>
    <ClInclude Include="CEnemyBullet.h">
      <Filter>Header Files</Filter>
    </ClInclude>
    <ClInclude Include="CBullet.h">
      <Filter>Header Files</Filter>
    </ClInclude>
    <ClInclude Include="BulletManager.h">
      <Filter>Header Files</Filter>
    </ClInclude>
    <ClInclude Include="CBSPlevel.h">
      <Filter>Header Files</Filter>
    </ClInclude>
  </ItemGroup>
  <ItemGroup>
    <ClCompile Include="stdafx.cpp">
      <Filter>Source Files</Filter>
    </ClCompile>
    <ClCompile Include="main.cpp">
      <Filter>Source Files</Filter>
    </ClCompile>
    <ClCompile Include="D3DRender.cpp">
      <Filter>Source Files</Filter>
    </ClCompile>
    <ClCompile Include="D3DCamera.cpp">
      <Filter>Source Files</Filter>
    </ClCompile>
    <ClCompile Include="XMesh.cpp">
      <Filter>Source Files</Filter>
    </ClCompile>
    <ClCompile Include="Logger.cpp">
      <Filter>Source Files</Filter>
    </ClCompile>
    <ClCompile Include="CQuatCamera.cpp">
      <Filter>Source Files</Filter>
    </ClCompile>
    <ClCompile Include="CParticleSystem.cpp">
      <Filter>Source Files</Filter>
    </ClCompile>
    <ClCompile Include="..\tools\imgui-1.92.5\imgui.cpp">
      <Filter>imGui</Filter>
    </ClCompile>
    <ClCompile Include="..\tools\imgui-1.92.5\imgui_draw.cpp">
      <Filter>imGui</Filter>
    </ClCompile>
    <ClCompile Include="..\tools\imgui-1.92.5\imgui_tables.cpp">
      <Filter>imGui</Filter>
    </ClCompile>
    <ClCompile Include="..\tools\imgui-1.92.5\imgui_widgets.cpp">
      <Filter>imGui</Filter>
    </ClCompile>
    <ClCompile Include="..\tools\imgui-1.92.5\backends\imgui_impl_dx9.cpp">
      <Filter>imGui</Filter>
    </ClCompile>
    <ClCompile Include="..\tools\imgui-1.92.5\backends\imgui_impl_win32.cpp">
      <Filter>imGui</Filter>
    </ClCompile>
    <ClCompile Include="..\tools\imgui-1.92.5\imgui_demo.cpp">
      <Filter>imGui</Filter>
    </ClCompile>
    <ClCompile Include="CRigidBody.cpp">
      <Filter>Source Files</Filter>
    </ClCompile>
    <ClCompile Include="CBulletDebugDrawer.cpp">
      <Filter>Source Files</Filter>
    </ClCompile>
    <ClCompile Include="СRibbonRenderer.cpp">
      <Filter>Source Files</Filter>
    </ClCompile>
    <ClCompile Include="CSkybox.cpp">
      <Filter>Source Files</Filter>
    </ClCompile>
    <ClCompile Include="CArkiBall.cpp">
      <Filter>Source Files</Filter>
    </ClCompile>
    <ClCompile Include="ArkiGame.cpp">
      <Filter>Source Files</Filter>
    </ClCompile>
    <ClCompile Include="CArkiBlock.cpp">
      <Filter>Source Files</Filter>
    </ClCompile>
    <ClCompile Include="CArkiPlayer.cpp">
      <Filter>Source Files</Filter>
    </ClCompile>
    <ClCompile Include="CArkiLevel.cpp">
      <Filter>Source Files</Filter>
    </ClCompile>
    <ClCompile Include="CSpriteFont.cpp">
      <Filter>Source Files</Filter>
    </ClCompile>
    <ClCompile Include="COrbitCamera.cpp">
      <Filter>Source Files</Filter>
    </ClCompile>
    <ClCompile Include="CGrid.cpp">
      <Filter>Source Files</Filter>
    </ClCompile>
    <ClCompile Include="CSpriteBatch.cpp">
      <Filter>Source Files</Filter>
    </ClCompile>
    <ClCompile Include="CArkiCliff.cpp">
      <Filter>Source Files</Filter>
    </ClCompile>
    <ClCompile Include="CArkiCliffTreadmill.h">
      <Filter>Header Files</Filter>
    </ClCompile>
    <ClCompile Include="Sounds.cpp">
      <Filter>Source Files</Filter>
    </ClCompile>
    <ClCompile Include="CXAudio.cpp">
      <Filter>Source Files</Filter>
    </ClCompile>
    <ClCompile Include="CArkiBomb.cpp">
      <Filter>Source Files</Filter>
    </ClCompile>
    <ClCompile Include="CHUD.cpp">
      <Filter>Source Files</Filter>
    </ClCompile>
    <ClCompile Include="MovementStrategy.cpp">
      <Filter>Source Files</Filter>
    </ClCompile>
    <ClCompile Include="CFlyingEnemy.cpp">
      <Filter>Source Files</Filter>
    </ClCompile>
    <ClCompile Include="EnemySpawner.cpp">
      <Filter>Source Files</Filter>
    </ClCompile>
    <ClCompile Include="CEnemyBullet.cpp">
      <Filter>Source Files</Filter>
    </ClCompile>
    <ClCompile Include="BulletManager.cpp">
      <Filter>Source Files</Filter>
    </ClCompile>
    <ClCompile Include="CBSPlevel.cpp">
      <Filter>Source Files</Filter>
    </ClCompile>
  </ItemGroup>
  <ItemGroup>
    <ResourceCompile Include="ARKI.rc">
      <Filter>Resource Files</Filter>
    </ResourceCompile>
  </ItemGroup>
</Project>